
Microsoft Visual Studio Solution File, Format Version 12.00
# Visual Studio Version 17
VisualStudioVersion = 17.11.35327.3
MinimumVisualStudioVersion = 10.0.40219.1
Project("{2150E333-8FDC-42A3-9474-1A3956D46DE8}") = "Services", "Services", "{EE12B94A-5257-4EC0-AB7A-4D02DADE6970}"
EndProject
Project("{2150E333-8FDC-42A3-9474-1A3956D46DE8}") = "Catalog", "Catalog", "{3CBD7781-919B-4A76-938C-7588ED455921}"
EndProject
Project("{FAE04EC0-301F-11D3-BF4B-00C04F79EFBC}") = "Catalog.API", "Services\Catalog\Catalog.API\Catalog.API.csproj", "{6E3B3889-3EF5-44FD-AC4F-6560409F45AE}"
EndProject
Global
	GlobalSection(SolutionConfigurationPlatforms) = preSolution
		Debug|Any CPU = Debug|Any CPU
		Release|Any CPU = Release|Any CPU
	EndGlobalSection
	GlobalSection(ProjectConfigurationPlatforms) = postSolution
		{6E3B3889-3EF5-44FD-AC4F-6560409F45AE}.Debug|Any CPU.ActiveCfg = Debug|Any CPU
		{6E3B3889-3EF5-44FD-AC4F-6560409F45AE}.Debug|Any CPU.Build.0 = Debug|Any CPU
		{6E3B3889-3EF5-44FD-AC4F-6560409F45AE}.Release|Any CPU.ActiveCfg = Release|Any CPU
		{6E3B3889-3EF5-44FD-AC4F-6560409F45AE}.Release|Any CPU.Build.0 = Release|Any CPU
	EndGlobalSection
	GlobalSection(SolutionProperties) = preSolution
		HideSolutionNode = FALSE
	EndGlobalSection
	GlobalSection(NestedProjects) = preSolution
		{3CBD7781-919B-4A76-938C-7588ED455921} = {EE12B94A-5257-4EC0-AB7A-4D02DADE6970}
		{6E3B3889-3EF5-44FD-AC4F-6560409F45AE} = {3CBD7781-919B-4A76-938C-7588ED455921}
	EndGlobalSection
	GlobalSection(ExtensibilityGlobals) = postSolution
		SolutionGuid = {F6FD5E8A-AEA2-48FA-AB7E-B2A105221DF6}
	EndGlobalSection
EndGlobal
