
Microsoft Visual Studio Solution File, Format Version 12.00
# Visual Studio Version 17
VisualStudioVersion = 17.11.35327.3
MinimumVisualStudioVersion = 10.0.40219.1
Project("{2150E333-8FDC-42A3-9474-1A3956D46DE8}") = "Services", "Services", "{EE12B94A-5257-4EC0-AB7A-4D02DADE6970}"
EndProject
Project("{2150E333-8FDC-42A3-9474-1A3956D46DE8}") = "Catalog", "Catalog", "{3CBD7781-919B-4A76-938C-7588ED455921}"
EndProject
Project("{9A19103F-16F7-4668-BE54-9A1E7A4F7556}") = "Catalog.API", "Services\Catalog\Catalog.API\Catalog.API.csproj", "{6E3B3889-3EF5-44FD-AC4F-6560409F45AE}"
EndProject
Project("{2150E333-8FDC-42A3-9474-1A3956D46DE8}") = "BuildingBlocks", "BuildingBlocks", "{B0E09A05-ED1A-45DA-BFDE-A6CBD574FF89}"
EndProject
Project("{9A19103F-16F7-4668-BE54-9A1E7A4F7556}") = "BuildingBlocks", "BuildingBlocks\BuildingBlocks\BuildingBlocks.csproj", "{B993C31F-C068-4F33-A102-18A7F2295788}"
EndProject
Project("{E53339B2-1760-4266-BCC7-CA923CBCF16C}") = "docker-compose", "docker-compose.dcproj", "{54A3043C-73BD-4FF1-BE3C-5929B30067EB}"
EndProject
Project("{2150E333-8FDC-42A3-9474-1A3956D46DE8}") = "Basket", "Basket", "{C570B1F0-07C5-4345-B941-47CA4FFEF1BA}"
EndProject
Project("{9A19103F-16F7-4668-BE54-9A1E7A4F7556}") = "Basket.API", "Services\Basket\Basket.API\Basket.API.csproj", "{FEF26376-90FE-428C-8943-CA05D38B55FD}"
EndProject
Project("{2150E333-8FDC-42A3-9474-1A3956D46DE8}") = "Discount", "Discount", "{90091F51-55C4-4823-BF5F-7B363D871DEA}"
EndProject
Project("{9A19103F-16F7-4668-BE54-9A1E7A4F7556}") = "Discount.Grpc", "Services\Discount\Discount.Grpc\Discount.Grpc.csproj", "{08ADA140-AA1D-4CE7-885C-5BB89D45B49D}"
EndProject
Project("{2150E333-8FDC-42A3-9474-1A3956D46DE8}") = "Ordering", "Ordering", "{36A270B4-9FBB-4A45-BC8D-6955084FFB71}"
EndProject
Project("{9A19103F-16F7-4668-BE54-9A1E7A4F7556}") = "Ordering.API", "Services\Ordering\Ordering.API\Ordering.API.csproj", "{F2F79DDA-5790-4840-94A8-91F6F5B5BE86}"
EndProject
Project("{9A19103F-16F7-4668-BE54-9A1E7A4F7556}") = "Ordering.Domain", "Services\Ordering\Ordering.Domain\Ordering.Domain.csproj", "{C81089C6-23E6-44C0-A416-FB28EC517A28}"
EndProject
Project("{9A19103F-16F7-4668-BE54-9A1E7A4F7556}") = "Ordering.Application", "Services\Ordering\Ordering.Application\Ordering.Application.csproj", "{A3BDEBCB-3351-4EBE-8D8B-566B06EF79BF}"
EndProject
Project("{9A19103F-16F7-4668-BE54-9A1E7A4F7556}") = "Ordering.Infrastructure", "Services\Ordering\Ordering.Infrastructure\Ordering.Infrastructure.csproj", "{C29D9E42-FB26-4685-A8AC-EB80284DCC33}"
EndProject
Project("{9A19103F-16F7-4668-BE54-9A1E7A4F7556}") = "BuildingBlocks.Messaging", "BuildingBlocks\BuildingBlocks.Messaging\BuildingBlocks.Messaging.csproj", "{156B0B89-D975-460C-9BC6-AB521AB0BC07}"
EndProject
Project("{2150E333-8FDC-42A3-9474-1A3956D46DE8}") = "ApiGateways", "ApiGateways", "{D186E066-50F5-4E65-AB19-A7650A9AC38A}"
EndProject
Project("{FAE04EC0-301F-11D3-BF4B-00C04F79EFBC}") = "YarpApiGateway", "ApiGateways\YarpApiGateway\YarpApiGateway.csproj", "{BC9E1624-AE24-40D7-BA32-744693A6B6C6}"
EndProject
Global
	GlobalSection(SolutionConfigurationPlatforms) = preSolution
		Debug|Any CPU = Debug|Any CPU
		Release|Any CPU = Release|Any CPU
	EndGlobalSection
	GlobalSection(ProjectConfigurationPlatforms) = postSolution
		{6E3B3889-3EF5-44FD-AC4F-6560409F45AE}.Debug|Any CPU.ActiveCfg = Debug|Any CPU
		{6E3B3889-3EF5-44FD-AC4F-6560409F45AE}.Debug|Any CPU.Build.0 = Debug|Any CPU
		{6E3B3889-3EF5-44FD-AC4F-6560409F45AE}.Release|Any CPU.ActiveCfg = Release|Any CPU
		{6E3B3889-3EF5-44FD-AC4F-6560409F45AE}.Release|Any CPU.Build.0 = Release|Any CPU
		{B993C31F-C068-4F33-A102-18A7F2295788}.Debug|Any CPU.ActiveCfg = Debug|Any CPU
		{B993C31F-C068-4F33-A102-18A7F2295788}.Debug|Any CPU.Build.0 = Debug|Any CPU
		{B993C31F-C068-4F33-A102-18A7F2295788}.Release|Any CPU.ActiveCfg = Release|Any CPU
		{B993C31F-C068-4F33-A102-18A7F2295788}.Release|Any CPU.Build.0 = Release|Any CPU
		{54A3043C-73BD-4FF1-BE3C-5929B30067EB}.Debug|Any CPU.ActiveCfg = Debug|Any CPU
		{54A3043C-73BD-4FF1-BE3C-5929B30067EB}.Debug|Any CPU.Build.0 = Debug|Any CPU
		{54A3043C-73BD-4FF1-BE3C-5929B30067EB}.Release|Any CPU.ActiveCfg = Release|Any CPU
		{54A3043C-73BD-4FF1-BE3C-5929B30067EB}.Release|Any CPU.Build.0 = Release|Any CPU
		{FEF26376-90FE-428C-8943-CA05D38B55FD}.Debug|Any CPU.ActiveCfg = Debug|Any CPU
		{FEF26376-90FE-428C-8943-CA05D38B55FD}.Debug|Any CPU.Build.0 = Debug|Any CPU
		{FEF26376-90FE-428C-8943-CA05D38B55FD}.Release|Any CPU.ActiveCfg = Release|Any CPU
		{FEF26376-90FE-428C-8943-CA05D38B55FD}.Release|Any CPU.Build.0 = Release|Any CPU
		{08ADA140-AA1D-4CE7-885C-5BB89D45B49D}.Debug|Any CPU.ActiveCfg = Debug|Any CPU
		{08ADA140-AA1D-4CE7-885C-5BB89D45B49D}.Debug|Any CPU.Build.0 = Debug|Any CPU
		{08ADA140-AA1D-4CE7-885C-5BB89D45B49D}.Release|Any CPU.ActiveCfg = Release|Any CPU
		{08ADA140-AA1D-4CE7-885C-5BB89D45B49D}.Release|Any CPU.Build.0 = Release|Any CPU
		{F2F79DDA-5790-4840-94A8-91F6F5B5BE86}.Debug|Any CPU.ActiveCfg = Debug|Any CPU
		{F2F79DDA-5790-4840-94A8-91F6F5B5BE86}.Debug|Any CPU.Build.0 = Debug|Any CPU
		{F2F79DDA-5790-4840-94A8-91F6F5B5BE86}.Release|Any CPU.ActiveCfg = Release|Any CPU
		{F2F79DDA-5790-4840-94A8-91F6F5B5BE86}.Release|Any CPU.Build.0 = Release|Any CPU
		{C81089C6-23E6-44C0-A416-FB28EC517A28}.Debug|Any CPU.ActiveCfg = Debug|Any CPU
		{C81089C6-23E6-44C0-A416-FB28EC517A28}.Debug|Any CPU.Build.0 = Debug|Any CPU
		{C81089C6-23E6-44C0-A416-FB28EC517A28}.Release|Any CPU.ActiveCfg = Release|Any CPU
		{C81089C6-23E6-44C0-A416-FB28EC517A28}.Release|Any CPU.Build.0 = Release|Any CPU
		{A3BDEBCB-3351-4EBE-8D8B-566B06EF79BF}.Debug|Any CPU.ActiveCfg = Debug|Any CPU
		{A3BDEBCB-3351-4EBE-8D8B-566B06EF79BF}.Debug|Any CPU.Build.0 = Debug|Any CPU
		{A3BDEBCB-3351-4EBE-8D8B-566B06EF79BF}.Release|Any CPU.ActiveCfg = Release|Any CPU
		{A3BDEBCB-3351-4EBE-8D8B-566B06EF79BF}.Release|Any CPU.Build.0 = Release|Any CPU
		{C29D9E42-FB26-4685-A8AC-EB80284DCC33}.Debug|Any CPU.ActiveCfg = Debug|Any CPU
		{C29D9E42-FB26-4685-A8AC-EB80284DCC33}.Debug|Any CPU.Build.0 = Debug|Any CPU
		{C29D9E42-FB26-4685-A8AC-EB80284DCC33}.Release|Any CPU.ActiveCfg = Release|Any CPU
		{C29D9E42-FB26-4685-A8AC-EB80284DCC33}.Release|Any CPU.Build.0 = Release|Any CPU
		{156B0B89-D975-460C-9BC6-AB521AB0BC07}.Debug|Any CPU.ActiveCfg = Debug|Any CPU
		{156B0B89-D975-460C-9BC6-AB521AB0BC07}.Debug|Any CPU.Build.0 = Debug|Any CPU
		{156B0B89-D975-460C-9BC6-AB521AB0BC07}.Release|Any CPU.ActiveCfg = Release|Any CPU
		{156B0B89-D975-460C-9BC6-AB521AB0BC07}.Release|Any CPU.Build.0 = Release|Any CPU
		{BC9E1624-AE24-40D7-BA32-744693A6B6C6}.Debug|Any CPU.ActiveCfg = Debug|Any CPU
		{BC9E1624-AE24-40D7-BA32-744693A6B6C6}.Debug|Any CPU.Build.0 = Debug|Any CPU
		{BC9E1624-AE24-40D7-BA32-744693A6B6C6}.Release|Any CPU.ActiveCfg = Release|Any CPU
		{BC9E1624-AE24-40D7-BA32-744693A6B6C6}.Release|Any CPU.Build.0 = Release|Any CPU
	EndGlobalSection
	GlobalSection(SolutionProperties) = preSolution
		HideSolutionNode = FALSE
	EndGlobalSection
	GlobalSection(NestedProjects) = preSolution
		{3CBD7781-919B-4A76-938C-7588ED455921} = {EE12B94A-5257-4EC0-AB7A-4D02DADE6970}
		{6E3B3889-3EF5-44FD-AC4F-6560409F45AE} = {3CBD7781-919B-4A76-938C-7588ED455921}
		{B993C31F-C068-4F33-A102-18A7F2295788} = {B0E09A05-ED1A-45DA-BFDE-A6CBD574FF89}
		{C570B1F0-07C5-4345-B941-47CA4FFEF1BA} = {EE12B94A-5257-4EC0-AB7A-4D02DADE6970}
		{FEF26376-90FE-428C-8943-CA05D38B55FD} = {C570B1F0-07C5-4345-B941-47CA4FFEF1BA}
		{90091F51-55C4-4823-BF5F-7B363D871DEA} = {EE12B94A-5257-4EC0-AB7A-4D02DADE6970}
		{08ADA140-AA1D-4CE7-885C-5BB89D45B49D} = {90091F51-55C4-4823-BF5F-7B363D871DEA}
		{36A270B4-9FBB-4A45-BC8D-6955084FFB71} = {EE12B94A-5257-4EC0-AB7A-4D02DADE6970}
		{F2F79DDA-5790-4840-94A8-91F6F5B5BE86} = {36A270B4-9FBB-4A45-BC8D-6955084FFB71}
		{C81089C6-23E6-44C0-A416-FB28EC517A28} = {36A270B4-9FBB-4A45-BC8D-6955084FFB71}
		{A3BDEBCB-3351-4EBE-8D8B-566B06EF79BF} = {36A270B4-9FBB-4A45-BC8D-6955084FFB71}
		{C29D9E42-FB26-4685-A8AC-EB80284DCC33} = {36A270B4-9FBB-4A45-BC8D-6955084FFB71}
		{156B0B89-D975-460C-9BC6-AB521AB0BC07} = {B0E09A05-ED1A-45DA-BFDE-A6CBD574FF89}
		{BC9E1624-AE24-40D7-BA32-744693A6B6C6} = {D186E066-50F5-4E65-AB19-A7650A9AC38A}
	EndGlobalSection
	GlobalSection(ExtensibilityGlobals) = postSolution
		SolutionGuid = {F6FD5E8A-AEA2-48FA-AB7E-B2A105221DF6}
	EndGlobalSection
EndGlobal
